
Microsoft Visual Studio Solution File, Format Version 12.00
# Visual Studio 14
VisualStudioVersion = 14.0.25420.1
MinimumVisualStudioVersion = 10.0.40219.1
Project("{2150E333-8FDC-42A3-9474-1A3956D46DE8}") = "src", "src", "{F5E3668B-9D1D-4868-9454-31A98C096B3E}"
EndProject
Project("{2150E333-8FDC-42A3-9474-1A3956D46DE8}") = "Solution Items", "Solution Items", "{FDF3F44A-88CE-42CF-B7B1-C8BFD6562618}"
	ProjectSection(SolutionItems) = preProject
		global.json = global.json
	EndProjectSection
EndProject
Project("{8BB2217D-0F2D-49D1-97BC-3654ED321F3B}") = "MovieProject", "src\MovieProject\MovieProject.xproj", "{0C682162-305E-49D2-9C41-53A109EE23C4}"
EndProject
Global
	GlobalSection(SolutionConfigurationPlatforms) = preSolution
		Debug|Any CPU = Debug|Any CPU
		Release|Any CPU = Release|Any CPU
	EndGlobalSection
	GlobalSection(ProjectConfigurationPlatforms) = postSolution
		{0C682162-305E-49D2-9C41-53A109EE23C4}.Debug|Any CPU.ActiveCfg = Debug|Any CPU
		{0C682162-305E-49D2-9C41-53A109EE23C4}.Debug|Any CPU.Build.0 = Debug|Any CPU
		{0C682162-305E-49D2-9C41-53A109EE23C4}.Release|Any CPU.ActiveCfg = Release|Any CPU
		{0C682162-305E-49D2-9C41-53A109EE23C4}.Release|Any CPU.Build.0 = Release|Any CPU
	EndGlobalSection
	GlobalSection(SolutionProperties) = preSolution
		HideSolutionNode = FALSE
	EndGlobalSection
	GlobalSection(NestedProjects) = preSolution
		{0C682162-305E-49D2-9C41-53A109EE23C4} = {F5E3668B-9D1D-4868-9454-31A98C096B3E}
	EndGlobalSection
EndGlobal
